
Microsoft Visual Studio Solution File, Format Version 12.00
# Visual Studio Version 17
VisualStudioVersion = 17.13.35919.96
MinimumVisualStudioVersion = 10.0.40219.1
Project("{2150E333-8FDC-42A3-9474-1A3956D46DE8}") = "Infra", "Infra", "{02EA681E-C7D8-13C7-8484-4AC65E1B71E8}"
EndProject
Project("{2150E333-8FDC-42A3-9474-1A3956D46DE8}") = "Application", "Application", "{ED6ED143-504F-4B04-B7B4-995AB66E68BF}"
EndProject
Project("{2150E333-8FDC-42A3-9474-1A3956D46DE8}") = "Domain", "Domain", "{7402CAC3-77AC-4471-B4F2-3FBAA1D713BE}"
EndProject
Project("{2150E333-8FDC-42A3-9474-1A3956D46DE8}") = "Presentation", "Presentation", "{B937AB76-E18D-4FD2-AC81-737D358235B3}"
EndProject
Project("{FAE04EC0-301F-11D3-BF4B-00C04F79EFBC}") = "MyFinancialHub.Application.CQRS", "MyFinancialHub.Application.CQRS\MyFinancialHub.Application.CQRS.csproj", "{6910EAE7-A44C-499C-8FD1-83EA45FE79AF}"
EndProject
Project("{2150E333-8FDC-42A3-9474-1A3956D46DE8}") = "Data", "Data", "{F22DD819-FA5F-48D7-9409-3DEB6FF56E71}"
EndProject
Project("{2150E333-8FDC-42A3-9474-1A3956D46DE8}") = "DocumentInteligence", "DocumentInteligence", "{76190309-B91A-4EDC-A4A7-5AB62A7BE28B}"
EndProject
Project("{2150E333-8FDC-42A3-9474-1A3956D46DE8}") = "AI", "AI", "{F96EEACE-B38E-4FD4-9AD6-8884781CAEC1}"
EndProject
Project("{2150E333-8FDC-42A3-9474-1A3956D46DE8}") = "Solution Items", "Solution Items", "{35A6090B-332D-4A08-966A-8856D42FD0D0}"
	ProjectSection(SolutionItems) = preProject
		.editorconfig = .editorconfig
	EndProjectSection
EndProject
Project("{2150E333-8FDC-42A3-9474-1A3956D46DE8}") = "CrossCutting", "CrossCutting", "{A35943E2-75BC-491F-852F-B3B870F42A9A}"
EndProject
Project("{2150E333-8FDC-42A3-9474-1A3956D46DE8}") = "Storages", "Storages", "{2DC9D75E-E5DD-420A-93D0-96927D77EA10}"
EndProject
Project("{FAE04EC0-301F-11D3-BF4B-00C04F79EFBC}") = "MyFinancialHub.Infra.Events", "MyFinancialHub.Infra.Events\MyFinancialHub.Infra.Events.csproj", "{3494F4F2-B9DE-4841-87A7-EB1E62E9C267}"
EndProject
Project("{FAE04EC0-301F-11D3-BF4B-00C04F79EFBC}") = "MyFinancialHub.Upload.Domain", "MyFinancialHub.Upload\MyFinancialHub.Upload.Domain\MyFinancialHub.Upload.Domain.csproj", "{658073D0-7205-62D2-CFF0-41706F132E70}"
EndProject
Project("{2150E333-8FDC-42A3-9474-1A3956D46DE8}") = "Upload", "Upload", "{A309B33F-2221-4033-963A-52768328352E}"
EndProject
Project("{2150E333-8FDC-42A3-9474-1A3956D46DE8}") = "Import", "Import", "{9EB77276-B9CE-4E77-BC6D-6D5844F6A883}"
EndProject
Project("{2150E333-8FDC-42A3-9474-1A3956D46DE8}") = "Domain", "Domain", "{6775C159-7665-41D7-8899-48604916148C}"
EndProject
Project("{2150E333-8FDC-42A3-9474-1A3956D46DE8}") = "Application", "Application", "{03F9FD2C-9B7E-44B2-87B0-DF91212DC043}"
EndProject
Project("{FAE04EC0-301F-11D3-BF4B-00C04F79EFBC}") = "MyFinancialHub.Upload.Application", "MyFinancialHub.Upload\MyFinancialHub.Upload.Application\MyFinancialHub.Upload.Application.csproj", "{AF3863ED-E426-4F8C-995B-B150856AE916}"
EndProject
Project("{2150E333-8FDC-42A3-9474-1A3956D46DE8}") = "Presentation", "Presentation", "{5E5F20DD-5749-4A7C-8CAE-386F91515E0F}"
EndProject
Project("{FAE04EC0-301F-11D3-BF4B-00C04F79EFBC}") = "MyFinancialHub.Upload.WebApi", "MyFinancialHub.Upload\MyFinancialHub.Upload.WebApi\MyFinancialHub.Upload.WebApi.csproj", "{713EF1B7-F6A8-4225-BAB0-C8F8812E5CEA}"
EndProject
Project("{2150E333-8FDC-42A3-9474-1A3956D46DE8}") = "Infra", "Infra", "{213DE8BD-99C1-4DDE-A9F1-94581DDA34A1}"
EndProject
Project("{2150E333-8FDC-42A3-9474-1A3956D46DE8}") = "Storages", "Storages", "{0EDEABF4-C112-4018-A47B-E7ACB12EF159}"
EndProject
Project("{FAE04EC0-301F-11D3-BF4B-00C04F79EFBC}") = "MyFinancialHub.Upload.Infra.Storages", "MyFinancialHub.Upload\MyFinancialHub.Upload.Infra.Storages\MyFinancialHub.Upload.Infra.Storages.csproj", "{6D129DA9-AA50-2524-48E9-F9BCF70176CB}"
EndProject
Project("{FAE04EC0-301F-11D3-BF4B-00C04F79EFBC}") = "MyFinancialHub.Import.WebApi", "MyFinancialHub.Import\MyFinancialHub.Import.WebApi\MyFinancialHub.Import.WebApi.csproj", "{36F875FC-9EB1-0D0D-D549-C4C9577ED5EE}"
EndProject
Project("{FAE04EC0-301F-11D3-BF4B-00C04F79EFBC}") = "MyFinancialHub.Import.Workers", "MyFinancialHub.Import\MyFinancialHub.Import.Workers\MyFinancialHub.Import.Workers.csproj", "{28A72CB6-D132-C7F2-FF3B-0508ACA94D5D}"
EndProject
Project("{FAE04EC0-301F-11D3-BF4B-00C04F79EFBC}") = "MyFinancialHub.Import.Infra.Storages", "MyFinancialHub.Import\MyFinancialHub.Import.Infra.Storages\MyFinancialHub.Import.Infra.Storages.csproj", "{1C50D923-6472-F594-FD11-6CAF3D1D0625}"
EndProject
Project("{FAE04EC0-301F-11D3-BF4B-00C04F79EFBC}") = "MyFinancialHub.Import.Infra.Data", "MyFinancialHub.Import\MyFinancialHub.Import.Infra.Data\MyFinancialHub.Import.Infra.Data.csproj", "{64863AB8-5786-E2A6-C874-059EF4D86EEE}"
EndProject
Project("{FAE04EC0-301F-11D3-BF4B-00C04F79EFBC}") = "MyFinancialHub.Import.Infra.AI.DocumentIntelligence", "MyFinancialHub.Import\MyFinancialHub.Import.Infra.AI.DocumentIntelligence\MyFinancialHub.Import.Infra.AI.DocumentIntelligence.csproj", "{F4E87D09-E16F-8AFF-D563-A54A6A0A1498}"
EndProject
Project("{FAE04EC0-301F-11D3-BF4B-00C04F79EFBC}") = "MyFinancialHub.Import.Domain", "MyFinancialHub.Import\MyFinancialHub.Import.Domain\MyFinancialHub.Import.Domain.csproj", "{1B2EB825-7D86-1A09-A4CA-592C10D19654}"
EndProject
Project("{FAE04EC0-301F-11D3-BF4B-00C04F79EFBC}") = "MyFinancialHub.Import.Application", "MyFinancialHub.Import\MyFinancialHub.Import.Application\MyFinancialHub.Import.Application.csproj", "{F0BB265D-902A-AAE1-43A5-BC929CBA27D0}"
EndProject
Global
	GlobalSection(SolutionConfigurationPlatforms) = preSolution
		Debug|Any CPU = Debug|Any CPU
		Release|Any CPU = Release|Any CPU
	EndGlobalSection
	GlobalSection(ProjectConfigurationPlatforms) = postSolution
		{6910EAE7-A44C-499C-8FD1-83EA45FE79AF}.Debug|Any CPU.ActiveCfg = Debug|Any CPU
		{6910EAE7-A44C-499C-8FD1-83EA45FE79AF}.Debug|Any CPU.Build.0 = Debug|Any CPU
		{6910EAE7-A44C-499C-8FD1-83EA45FE79AF}.Release|Any CPU.ActiveCfg = Release|Any CPU
		{6910EAE7-A44C-499C-8FD1-83EA45FE79AF}.Release|Any CPU.Build.0 = Release|Any CPU
		{3494F4F2-B9DE-4841-87A7-EB1E62E9C267}.Debug|Any CPU.ActiveCfg = Debug|Any CPU
		{3494F4F2-B9DE-4841-87A7-EB1E62E9C267}.Debug|Any CPU.Build.0 = Debug|Any CPU
		{3494F4F2-B9DE-4841-87A7-EB1E62E9C267}.Release|Any CPU.ActiveCfg = Release|Any CPU
		{3494F4F2-B9DE-4841-87A7-EB1E62E9C267}.Release|Any CPU.Build.0 = Release|Any CPU
		{658073D0-7205-62D2-CFF0-41706F132E70}.Debug|Any CPU.ActiveCfg = Debug|Any CPU
		{658073D0-7205-62D2-CFF0-41706F132E70}.Debug|Any CPU.Build.0 = Debug|Any CPU
		{658073D0-7205-62D2-CFF0-41706F132E70}.Release|Any CPU.ActiveCfg = Release|Any CPU
		{658073D0-7205-62D2-CFF0-41706F132E70}.Release|Any CPU.Build.0 = Release|Any CPU
		{AF3863ED-E426-4F8C-995B-B150856AE916}.Debug|Any CPU.ActiveCfg = Debug|Any CPU
		{AF3863ED-E426-4F8C-995B-B150856AE916}.Debug|Any CPU.Build.0 = Debug|Any CPU
		{AF3863ED-E426-4F8C-995B-B150856AE916}.Release|Any CPU.ActiveCfg = Release|Any CPU
		{AF3863ED-E426-4F8C-995B-B150856AE916}.Release|Any CPU.Build.0 = Release|Any CPU
		{713EF1B7-F6A8-4225-BAB0-C8F8812E5CEA}.Debug|Any CPU.ActiveCfg = Debug|Any CPU
		{713EF1B7-F6A8-4225-BAB0-C8F8812E5CEA}.Debug|Any CPU.Build.0 = Debug|Any CPU
		{713EF1B7-F6A8-4225-BAB0-C8F8812E5CEA}.Release|Any CPU.ActiveCfg = Release|Any CPU
		{713EF1B7-F6A8-4225-BAB0-C8F8812E5CEA}.Release|Any CPU.Build.0 = Release|Any CPU
		{6D129DA9-AA50-2524-48E9-F9BCF70176CB}.Debug|Any CPU.ActiveCfg = Debug|Any CPU
		{6D129DA9-AA50-2524-48E9-F9BCF70176CB}.Debug|Any CPU.Build.0 = Debug|Any CPU
		{6D129DA9-AA50-2524-48E9-F9BCF70176CB}.Release|Any CPU.ActiveCfg = Release|Any CPU
		{6D129DA9-AA50-2524-48E9-F9BCF70176CB}.Release|Any CPU.Build.0 = Release|Any CPU
		{36F875FC-9EB1-0D0D-D549-C4C9577ED5EE}.Debug|Any CPU.ActiveCfg = Debug|Any CPU
		{36F875FC-9EB1-0D0D-D549-C4C9577ED5EE}.Debug|Any CPU.Build.0 = Debug|Any CPU
		{36F875FC-9EB1-0D0D-D549-C4C9577ED5EE}.Release|Any CPU.ActiveCfg = Release|Any CPU
		{36F875FC-9EB1-0D0D-D549-C4C9577ED5EE}.Release|Any CPU.Build.0 = Release|Any CPU
		{28A72CB6-D132-C7F2-FF3B-0508ACA94D5D}.Debug|Any CPU.ActiveCfg = Debug|Any CPU
		{28A72CB6-D132-C7F2-FF3B-0508ACA94D5D}.Debug|Any CPU.Build.0 = Debug|Any CPU
		{28A72CB6-D132-C7F2-FF3B-0508ACA94D5D}.Release|Any CPU.ActiveCfg = Release|Any CPU
		{28A72CB6-D132-C7F2-FF3B-0508ACA94D5D}.Release|Any CPU.Build.0 = Release|Any CPU
		{1C50D923-6472-F594-FD11-6CAF3D1D0625}.Debug|Any CPU.ActiveCfg = Debug|Any CPU
		{1C50D923-6472-F594-FD11-6CAF3D1D0625}.Debug|Any CPU.Build.0 = Debug|Any CPU
		{1C50D923-6472-F594-FD11-6CAF3D1D0625}.Release|Any CPU.ActiveCfg = Release|Any CPU
		{1C50D923-6472-F594-FD11-6CAF3D1D0625}.Release|Any CPU.Build.0 = Release|Any CPU
		{64863AB8-5786-E2A6-C874-059EF4D86EEE}.Debug|Any CPU.ActiveCfg = Debug|Any CPU
		{64863AB8-5786-E2A6-C874-059EF4D86EEE}.Debug|Any CPU.Build.0 = Debug|Any CPU
		{64863AB8-5786-E2A6-C874-059EF4D86EEE}.Release|Any CPU.ActiveCfg = Release|Any CPU
		{64863AB8-5786-E2A6-C874-059EF4D86EEE}.Release|Any CPU.Build.0 = Release|Any CPU
		{F4E87D09-E16F-8AFF-D563-A54A6A0A1498}.Debug|Any CPU.ActiveCfg = Debug|Any CPU
		{F4E87D09-E16F-8AFF-D563-A54A6A0A1498}.Debug|Any CPU.Build.0 = Debug|Any CPU
		{F4E87D09-E16F-8AFF-D563-A54A6A0A1498}.Release|Any CPU.ActiveCfg = Release|Any CPU
		{F4E87D09-E16F-8AFF-D563-A54A6A0A1498}.Release|Any CPU.Build.0 = Release|Any CPU
		{1B2EB825-7D86-1A09-A4CA-592C10D19654}.Debug|Any CPU.ActiveCfg = Debug|Any CPU
		{1B2EB825-7D86-1A09-A4CA-592C10D19654}.Debug|Any CPU.Build.0 = Debug|Any CPU
		{1B2EB825-7D86-1A09-A4CA-592C10D19654}.Release|Any CPU.ActiveCfg = Release|Any CPU
		{1B2EB825-7D86-1A09-A4CA-592C10D19654}.Release|Any CPU.Build.0 = Release|Any CPU
		{F0BB265D-902A-AAE1-43A5-BC929CBA27D0}.Debug|Any CPU.ActiveCfg = Debug|Any CPU
		{F0BB265D-902A-AAE1-43A5-BC929CBA27D0}.Debug|Any CPU.Build.0 = Debug|Any CPU
		{F0BB265D-902A-AAE1-43A5-BC929CBA27D0}.Release|Any CPU.ActiveCfg = Release|Any CPU
		{F0BB265D-902A-AAE1-43A5-BC929CBA27D0}.Release|Any CPU.Build.0 = Release|Any CPU
	EndGlobalSection
	GlobalSection(SolutionProperties) = preSolution
		HideSolutionNode = FALSE
	EndGlobalSection
	GlobalSection(NestedProjects) = preSolution
		{02EA681E-C7D8-13C7-8484-4AC65E1B71E8} = {9EB77276-B9CE-4E77-BC6D-6D5844F6A883}
		{ED6ED143-504F-4B04-B7B4-995AB66E68BF} = {9EB77276-B9CE-4E77-BC6D-6D5844F6A883}
		{7402CAC3-77AC-4471-B4F2-3FBAA1D713BE} = {9EB77276-B9CE-4E77-BC6D-6D5844F6A883}
		{B937AB76-E18D-4FD2-AC81-737D358235B3} = {9EB77276-B9CE-4E77-BC6D-6D5844F6A883}
		{6910EAE7-A44C-499C-8FD1-83EA45FE79AF} = {A35943E2-75BC-491F-852F-B3B870F42A9A}
		{F22DD819-FA5F-48D7-9409-3DEB6FF56E71} = {02EA681E-C7D8-13C7-8484-4AC65E1B71E8}
		{76190309-B91A-4EDC-A4A7-5AB62A7BE28B} = {F96EEACE-B38E-4FD4-9AD6-8884781CAEC1}
		{F96EEACE-B38E-4FD4-9AD6-8884781CAEC1} = {02EA681E-C7D8-13C7-8484-4AC65E1B71E8}
		{2DC9D75E-E5DD-420A-93D0-96927D77EA10} = {02EA681E-C7D8-13C7-8484-4AC65E1B71E8}
		{3494F4F2-B9DE-4841-87A7-EB1E62E9C267} = {A35943E2-75BC-491F-852F-B3B870F42A9A}
		{658073D0-7205-62D2-CFF0-41706F132E70} = {6775C159-7665-41D7-8899-48604916148C}
		{6775C159-7665-41D7-8899-48604916148C} = {A309B33F-2221-4033-963A-52768328352E}
		{03F9FD2C-9B7E-44B2-87B0-DF91212DC043} = {A309B33F-2221-4033-963A-52768328352E}
		{AF3863ED-E426-4F8C-995B-B150856AE916} = {03F9FD2C-9B7E-44B2-87B0-DF91212DC043}
		{5E5F20DD-5749-4A7C-8CAE-386F91515E0F} = {A309B33F-2221-4033-963A-52768328352E}
		{713EF1B7-F6A8-4225-BAB0-C8F8812E5CEA} = {5E5F20DD-5749-4A7C-8CAE-386F91515E0F}
		{213DE8BD-99C1-4DDE-A9F1-94581DDA34A1} = {A309B33F-2221-4033-963A-52768328352E}
		{0EDEABF4-C112-4018-A47B-E7ACB12EF159} = {213DE8BD-99C1-4DDE-A9F1-94581DDA34A1}
		{6D129DA9-AA50-2524-48E9-F9BCF70176CB} = {0EDEABF4-C112-4018-A47B-E7ACB12EF159}
		{36F875FC-9EB1-0D0D-D549-C4C9577ED5EE} = {B937AB76-E18D-4FD2-AC81-737D358235B3}
		{28A72CB6-D132-C7F2-FF3B-0508ACA94D5D} = {B937AB76-E18D-4FD2-AC81-737D358235B3}
		{1C50D923-6472-F594-FD11-6CAF3D1D0625} = {2DC9D75E-E5DD-420A-93D0-96927D77EA10}
		{64863AB8-5786-E2A6-C874-059EF4D86EEE} = {F22DD819-FA5F-48D7-9409-3DEB6FF56E71}
		{F4E87D09-E16F-8AFF-D563-A54A6A0A1498} = {76190309-B91A-4EDC-A4A7-5AB62A7BE28B}
		{1B2EB825-7D86-1A09-A4CA-592C10D19654} = {7402CAC3-77AC-4471-B4F2-3FBAA1D713BE}
		{F0BB265D-902A-AAE1-43A5-BC929CBA27D0} = {ED6ED143-504F-4B04-B7B4-995AB66E68BF}
	EndGlobalSection
	GlobalSection(ExtensibilityGlobals) = postSolution
		SolutionGuid = {40043BF4-AFE2-4BFA-B9F1-20D58658C7D6}
	EndGlobalSection
EndGlobal
